Microsoft Visual Studio Solution File, Format Version 12.0
# Visual Studio Version 16.0
#
# xmake version 2.5.1+202101210158
#
#   This file is auto generated by xmake.
#
#   Please DO NOT EDIT since all your modification will lost after re-generation.
#   See https://github.com/xmake-io/xmake/pull/472 for more infomation.
#
VisualStudioVersion = 16.0
MinimumVisualStudioVersion = 10.0
Project("{8BC9CEB8-8B4A-11D0-8D11-00A0C91BC942}") = "p1", "p1\p1.vcxproj", "{F572ABB3-ECD3-4108-B613-CFC074F4AA0B}"
EndProject


Project("{2150E333-8FDC-42A3-9474-1A3956D46DE8}") = "Properties", "Properties", "{007754BD-BB1F-452F-A0D8-13EF216C5ED9}"
	ProjectSection(SolutionItems) = preProject
		Xmake.Custom.props = Xmake.Custom.props
		Xmake.Custom.targets = Xmake.Custom.targets
		..\xmake.lua = ..\xmake.lua
	EndProjectSection
EndProject
Global
    GlobalSection(SolutionConfigurationPlatforms) = preSolution
		debug|x86 = debug|x86
		release|x86 = release|x86
		debug|x64 = debug|x64
		release|x64 = release|x64
    EndGlobalSection
    GlobalSection(ProjectConfigurationPlatforms) = postSolution
		{F572ABB3-ECD3-4108-B613-CFC074F4AA0B}.debug|x86.ActiveCfg = debug|Win32
		{F572ABB3-ECD3-4108-B613-CFC074F4AA0B}.debug|x86.Build.0 = debug|Win32
		{F572ABB3-ECD3-4108-B613-CFC074F4AA0B}.release|x86.ActiveCfg = release|Win32
		{F572ABB3-ECD3-4108-B613-CFC074F4AA0B}.release|x86.Build.0 = release|Win32
		{F572ABB3-ECD3-4108-B613-CFC074F4AA0B}.debug|x64.ActiveCfg = debug|x64
		{F572ABB3-ECD3-4108-B613-CFC074F4AA0B}.debug|x64.Build.0 = debug|x64
		{F572ABB3-ECD3-4108-B613-CFC074F4AA0B}.release|x64.ActiveCfg = release|x64
		{F572ABB3-ECD3-4108-B613-CFC074F4AA0B}.release|x64.Build.0 = release|x64
    EndGlobalSection
    GlobalSection(SolutionProperties) = preSolution
        HideSolutionNode = FALSE
    EndGlobalSection
    GlobalSection(NestedProjects) = preSolution
    EndGlobalSection
    GlobalSection(ExtensibilityGlobals) = postSolution
        SolutionGuid = {AC992DE2-F4D2-43FD-A5DC-6A11529CB801}
    EndGlobalSection
EndGlobal
